
Microsoft Visual Studio Solution File, Format Version 12.00
# Visual Studio Version 16
VisualStudioVersion = 16.0.28803.202
MinimumVisualStudioVersion = 10.0.40219.1
Project("{FAE04EC0-301F-11D3-BF4B-00C04F79EFBC}") = "ITButikAPI", "ITButikAPI\ITButikAPI.csproj", "{E365D3DD-038D-4B96-B70B-5277A0F4E5B2}"
EndProject
Global
	GlobalSection(SolutionConfigurationPlatforms) = preSolution
		Debug|Any CPU = Debug|Any CPU
		Release|Any CPU = Release|Any CPU
	EndGlobalSection
	GlobalSection(ProjectConfigurationPlatforms) = postSolution
		{E365D3DD-038D-4B96-B70B-5277A0F4E5B2}.Debug|Any CPU.ActiveCfg = Debug|Any CPU
		{E365D3DD-038D-4B96-B70B-5277A0F4E5B2}.Debug|Any CPU.Build.0 = Debug|Any CPU
		{E365D3DD-038D-4B96-B70B-5277A0F4E5B2}.Release|Any CPU.ActiveCfg = Release|Any CPU
		{E365D3DD-038D-4B96-B70B-5277A0F4E5B2}.Release|Any CPU.Build.0 = Release|Any CPU
	EndGlobalSection
	GlobalSection(SolutionProperties) = preSolution
		HideSolutionNode = FALSE
	EndGlobalSection
	GlobalSection(ExtensibilityGlobals) = postSolution
		SolutionGuid = {45830933-7515-470F-93F0-B8D6F6C64C05}
	EndGlobalSection
EndGlobal
